
Microsoft Visual Studio Solution File, Format Version 12.00
Project("{FAE04EC0-301F-11D3-BF4B-00C04F79EFBC}") = "1_dag_flow_chart", "1_dag_flow_chart.csproj", "{5A49EEDB-DBA4-40CF-A132-EACE00D8C5AB}"
EndProject
Global
	GlobalSection(SolutionConfigurationPlatforms) = preSolution
		Debug|Any CPU = Debug|Any CPU
		Release|Any CPU = Release|Any CPU
	EndGlobalSection
	GlobalSection(ProjectConfigurationPlatforms) = postSolution
		{5A49EEDB-DBA4-40CF-A132-EACE00D8C5AB}.Debug|Any CPU.ActiveCfg = Debug|Any CPU
		{5A49EEDB-DBA4-40CF-A132-EACE00D8C5AB}.Debug|Any CPU.Build.0 = Debug|Any CPU
		{5A49EEDB-DBA4-40CF-A132-EACE00D8C5AB}.Release|Any CPU.ActiveCfg = Release|Any CPU
		{5A49EEDB-DBA4-40CF-A132-EACE00D8C5AB}.Release|Any CPU.Build.0 = Release|Any CPU
	EndGlobalSection
EndGlobal
